Microsoft Visual Studio Solution File, Format Version 12.00
# Visual Studio Version 17
VisualStudioVersion = 17.5.2.0
MinimumVisualStudioVersion = 10.0.40219.1
Project("{FAE04EC0-301F-11D3-BF4B-00C04F79EFBC}") = "Meshtastic.Mqtt", "Meshtastic.Mqtt.csproj", "{7467C293-5E7D-1ADF-451D-7E36BDAC9410}"
EndProject
Global
	GlobalSection(SolutionConfigurationPlatforms) = preSolution
		Debug|Any CPU = Debug|Any CPU
		Release|Any CPU = Release|Any CPU
	EndGlobalSection
	GlobalSection(ProjectConfigurationPlatforms) = postSolution
		{7467C293-5E7D-1ADF-451D-7E36BDAC9410}.Debug|Any CPU.ActiveCfg = Debug|Any CPU
		{7467C293-5E7D-1ADF-451D-7E36BDAC9410}.Debug|Any CPU.Build.0 = Debug|Any CPU
		{7467C293-5E7D-1ADF-451D-7E36BDAC9410}.Release|Any CPU.ActiveCfg = Release|Any CPU
		{7467C293-5E7D-1ADF-451D-7E36BDAC9410}.Release|Any CPU.Build.0 = Release|Any CPU
	EndGlobalSection
	GlobalSection(SolutionProperties) = preSolution
		HideSolutionNode = FALSE
	EndGlobalSection
	GlobalSection(ExtensibilityGlobals) = postSolution
		SolutionGuid = {62FE50C6-004E-4C4D-BE74-89E28A6A1064}
	EndGlobalSection
EndGlobal
